# THIS IS AN AUTOGENERATED FILE. DO NOT EDIT THIS FILE DIRECTLY.
# yarn lockfile v1
ansi-regex@^2.0.0:
  version "2.0.0"
  resolved "https://registry.yarnpkg.com/ansi-regex/-/ansi-regex-2.0.0.tgz#c5061b6e0ef8a81775e50f5d66151bf6bf371107"

ansi-styles@^2.2.1:
  version "2.2.1"
  resolved "https://registry.yarnpkg.com/ansi-styles/-/ansi-styles-2.2.1.tgz#b432dd3358b634cf75e1e4664368240533c1ddbe"

array-findindex-polyfill@^0.1.0:
  version "0.1.0"
  resolved "https://registry.yarnpkg.com/array-findindex-polyfill/-/array-findindex-polyfill-0.1.0.tgz#c362665bec7645f22d7a3c3aac9793f71c3622ef"

asap@~2.0.3:
  version "2.0.5"
  resolved "https://registry.yarnpkg.com/asap/-/asap-2.0.5.tgz#522765b50c3510490e52d7dcfe085ef9ba96958f"

async@^2.0.0:
  version "2.0.1"
  resolved "https://registry.yarnpkg.com/async/-/async-2.0.1.tgz#b709cc0280a9c36f09f4536be823c838a9049e25"
  dependencies:
    lodash "^4.8.0"

babel-plugin-transform-runtime@^6.5.0:
  version "6.15.0"
  resolved "https://registry.yarnpkg.com/babel-plugin-transform-runtime/-/babel-plugin-transform-runtime-6.15.0.tgz#3d75b4d949ad81af157570273846fb59aeb0d57c"
  dependencies:
    babel-runtime "^6.9.0"

babel-runtime@^6.11.6, babel-runtime@^6.2.0, babel-runtime@^6.3.13, babel-runtime@^6.9.0:
  version "6.11.6"
  resolved "https://registry.yarnpkg.com/babel-runtime/-/babel-runtime-6.11.6.tgz#6db707fef2d49c49bfa3cb64efdb436b518b8222"
  dependencies:
    core-js "^2.4.0"
    regenerator-runtime "^0.9.5"

balanced-match@^0.4.1:
  version "0.4.2"
  resolved "https://registry.yarnpkg.com/balanced-match/-/balanced-match-0.4.2.tgz#cb3f3e3c732dc0f01ee70b403f302e61d7709838"

base16@^1.0.0:
  version "1.0.0"
  resolved "https://registry.yarnpkg.com/base16/-/base16-1.0.0.tgz#e297f60d7ec1014a7a971a39ebc8a98c0b681e70"

big.js@^3.1.3:
  version "3.1.3"
  resolved "https://registry.yarnpkg.com/big.js/-/big.js-3.1.3.tgz#4cada2193652eb3ca9ec8e55c9015669c9806978"

brace-expansion@^1.0.0:
  version "1.1.6"
  resolved "https://registry.yarnpkg.com/brace-expansion/-/brace-expansion-1.1.6.tgz#7197d7eaa9b87e648390ea61fc66c84427420df9"
  dependencies:
    balanced-match "^0.4.1"
    concat-map "0.0.1"

chalk@^1.1.3:
  version "1.1.3"
  resolved "https://registry.yarnpkg.com/chalk/-/chalk-1.1.3.tgz#a8115c55e4a702fe4d150abd3872822a7e09fc98"
  dependencies:
    ansi-styles "^2.2.1"
    escape-string-regexp "^1.0.2"
    has-ansi "^2.0.0"
    strip-ansi "^3.0.0"
    supports-color "^2.0.0"

clamp@^1.0.1:
  version "1.0.1"
  resolved "https://registry.yarnpkg.com/clamp/-/clamp-1.0.1.tgz#66a0e64011816e37196828fdc8c8c147312c8634"

classnames@^2.2.3, classnames@^2.2.4, classnames@^2.2.5:
  version "2.2.5"
  resolved "https://registry.yarnpkg.com/classnames/-/classnames-2.2.5.tgz#fb3801d453467649ef3603c7d61a02bd129bde6d"

concat-map@0.0.1:
  version "0.0.1"
  resolved "https://registry.yarnpkg.com/concat-map/-/concat-map-0.0.1.tgz#d8a96bd77fd68df7793a73036a3ba0d5405d477b"

core-js@^1.0.0:
  version "1.2.7"
  resolved "https://registry.yarnpkg.com/core-js/-/core-js-1.2.7.tgz#652294c14651db28fa93bd2d5ff2983a4f08c636"

core-js@^2.4.0:
  version "2.4.1"
  resolved "https://registry.yarnpkg.com/core-js/-/core-js-2.4.1.tgz#4de911e667b0eae9124e34254b53aea6fc618d3e"

cron-parser@1.1.0:
  version "1.1.0"
  resolved "https://registry.yarnpkg.com/cron-parser/-/cron-parser-1.1.0.tgz#075b84c459c155e8c482ab4d56aff99dae58352e"

css-modules-require-hook@^4.0.0:
  version "4.0.5"
  resolved "https://registry.yarnpkg.com/css-modules-require-hook/-/css-modules-require-hook-4.0.5.tgz#10ffb3161bd7518b25ba50cc65a940f26a1cc39d"
  dependencies:
    debug "^2.2.0"
    generic-names "^1.0.1"
    glob-to-regexp "^0.1.0"
    icss-replace-symbols "^1.0.2"
    in-publish "^2.0.0"
    lodash "^4.3.0"
    postcss "^5.0.19"
    postcss-modules-extract-imports "^1.0.0"
    postcss-modules-local-by-default "^1.0.1"
    postcss-modules-parser "^1.1.0"
    postcss-modules-scope "^1.0.0"
    postcss-modules-values "^1.1.1"
    seekout "^1.0.1"

css-selector-tokenizer@^0.6.0:
  version "0.6.0"
  resolved "https://registry.yarnpkg.com/css-selector-tokenizer/-/css-selector-tokenizer-0.6.0.tgz#6445f582c7930d241dcc5007a43d6fcb8f073152"
  dependencies:
    cssesc "^0.1.0"
    fastparse "^1.1.1"
    regexpu-core "^1.0.0"

cssesc@^0.1.0:
  version "0.1.0"
  resolved "https://registry.yarnpkg.com/cssesc/-/cssesc-0.1.0.tgz#c814903e45623371a0477b40109aaafbeeaddbb4"

debug@^2.2.0:
  version "2.2.0"
  resolved "https://registry.yarnpkg.com/debug/-/debug-2.2.0.tgz#f87057e995b1a1f6ae6a4960664137bc56f039da"
  dependencies:
    ms "0.7.1"

deep-diff@0.3.4:
  version "0.3.4"
  resolved "https://registry.yarnpkg.com/deep-diff/-/deep-diff-0.3.4.tgz#aac5c39952236abe5f037a2349060ba01b00ae48"

deep-equal@^1.0.0, deep-equal@^1.0.1:
  version "1.0.1"
  resolved "https://registry.yarnpkg.com/deep-equal/-/deep-equal-1.0.1.tgz#f5d260292b660e084eff4cdbc9f08ad3247448b5"

dom-helpers@^2.4.0:
  version "2.4.0"
  resolved "https://registry.yarnpkg.com/dom-helpers/-/dom-helpers-2.4.0.tgz#9bb4b245f637367b1fa670274272aa28fe06c367"

dotenv@^2.0.0:
  version "2.0.0"
  resolved "https://registry.yarnpkg.com/dotenv/-/dotenv-2.0.0.tgz#bd759c357aaa70365e01c96b7b0bec08a6e0d949"

electron-debug@^0.6.0:
  version "0.6.0"
  resolved "https://registry.yarnpkg.com/electron-debug/-/electron-debug-0.6.0.tgz#de45cd2694d1d62c95d0d1f7f2443aeca0fbd5d2"
  dependencies:
    electron-is-dev "^0.1.0"
    electron-localshortcut "^0.6.0"

electron-is-dev@^0.1.0:
  version "0.1.2"
  resolved "https://registry.yarnpkg.com/electron-is-dev/-/electron-is-dev-0.1.2.tgz#8a1043e32b3a1da1c3f553dce28ce764246167e3"

electron-json-storage@^2.0.0:
  version "2.0.1"
  resolved "https://registry.yarnpkg.com/electron-json-storage/-/electron-json-storage-2.0.1.tgz#b0bad07fca360eb4bb357a08a0ccc4ad27f14334"
  dependencies:
    async "^2.0.0"
    exists-file "^2.1.0"
    lodash "^4.0.1"
    rimraf "^2.5.1"

electron-localshortcut@^0.6.0:
  version "0.6.1"
  resolved "https://registry.yarnpkg.com/electron-localshortcut/-/electron-localshortcut-0.6.1.tgz#c4e268c38a6e42f40de5618fc906d1ed608f11aa"

electron-positioner@^3.0.0:
  version "3.0.0"
  resolved "https://registry.yarnpkg.com/electron-positioner/-/electron-positioner-3.0.0.tgz#1a3b75c9cc1e29dd37c663b23fd876d4ffab9996"

electron-redux:
  version "0.0.2"
  resolved "https://registry.yarnpkg.com/electron-redux/-/electron-redux-0.0.2.tgz#1ad9e409781148bff3cb6d983d224e715dc2dc24"
  dependencies:
    redux "^3.4.0"

emojis-list@^2.0.0:
  version "2.1.0"
  resolved "https://registry.yarnpkg.com/emojis-list/-/emojis-list-2.1.0.tgz#4daa4d9db00f9819880c79fa457ae5b09a1fd389"

encoding@^0.1.11:
  version "0.1.12"
  resolved "https://registry.yarnpkg.com/encoding/-/encoding-0.1.12.tgz#538b66f3ee62cd1ab51ec323829d1f9480c74beb"
  dependencies:
    iconv-lite "~0.4.13"

es6-error@^3.1.0:
  version "3.2.0"
  resolved "https://registry.yarnpkg.com/es6-error/-/es6-error-3.2.0.tgz#e567cfdcb324d4e7ae5922a3700ada5de879a0ca"

escape-string-regexp@^1.0.2:
  version "1.0.5"
  resolved "https://registry.yarnpkg.com/escape-string-regexp/-/escape-string-regexp-1.0.5.tgz#1b61c0562190a8dff6ae3bb2cf0200ca130b86d4"

exists-file@^2.1.0:
  version "2.1.0"
  resolved "https://registry.yarnpkg.com/exists-file/-/exists-file-2.1.0.tgz#66ea39b7855a9d8ad2ff485d974f04a93bb888f8"

fastparse@^1.1.1:
  version "1.1.1"
  resolved "https://registry.yarnpkg.com/fastparse/-/fastparse-1.1.1.tgz#d1e2643b38a94d7583b479060e6c4affc94071f8"

fbjs@^0.8.4:
  version "0.8.5"
  resolved "https://registry.yarnpkg.com/fbjs/-/fbjs-0.8.5.tgz#f69ba8a876096cb1b9bffe4d7c1e71c19d39d008"
  dependencies:
    core-js "^1.0.0"
    immutable "^3.7.6"
    isomorphic-fetch "^2.1.1"
    loose-envify "^1.0.0"
    object-assign "^4.1.0"
    promise "^7.1.1"
    ua-parser-js "^0.7.9"

flux-standard-action@^0.6.1:
  version "0.6.1"
  resolved "https://registry.yarnpkg.com/flux-standard-action/-/flux-standard-action-0.6.1.tgz#6f34211b94834ea1c3cc30f4e7afad3d0fbf71a2"
  dependencies:
    lodash.isplainobject "^3.2.0"

fs.realpath@^1.0.0:
  version "1.0.0"
  resolved "https://registry.yarnpkg.com/fs.realpath/-/fs.realpath-1.0.0.tgz#1504ad2523158caa40db4a2787cb01411994ea4f"

generic-names@^1.0.1:
  version "1.0.1"
  resolved "https://registry.yarnpkg.com/generic-names/-/generic-names-1.0.1.tgz#53b5486967aa89ec1e78827a2dcff3f80913a497"
  dependencies:
    loader-utils "^0.2.11"

glob-to-regexp@^0.1.0:
  version "0.1.0"
  resolved "https://registry.yarnpkg.com/glob-to-regexp/-/glob-to-regexp-0.1.0.tgz#e0369d426578fd456d47dc23b09de05c1da9ea5d"

glob@^7.0.5:
  version "7.1.1"
  resolved "https://registry.yarnpkg.com/glob/-/glob-7.1.1.tgz#805211df04faaf1c63a3600306cdf5ade50b2ec8"
  dependencies:
    fs.realpath "^1.0.0"
    inflight "^1.0.4"
    inherits "2"
    minimatch "^3.0.2"
    once "^1.3.0"
    path-is-absolute "^1.0.0"

has-ansi@^2.0.0:
  version "2.0.0"
  resolved "https://registry.yarnpkg.com/has-ansi/-/has-ansi-2.0.0.tgz#34f5049ce1ecdf2b0649af3ef24e45ed35416d91"
  dependencies:
    ansi-regex "^2.0.0"

has-flag@^1.0.0:
  version "1.0.0"
  resolved "https://registry.yarnpkg.com/has-flag/-/has-flag-1.0.0.tgz#9d9e793165ce017a00f00418c43f942a7b1d11fa"

history@^2.1.2:
  version "2.1.2"
  resolved "https://registry.yarnpkg.com/history/-/history-2.1.2.tgz#4aa2de897a0e4867e4539843be6ecdb2986bfdec"
  dependencies:
    deep-equal "^1.0.0"
    invariant "^2.0.0"
    query-string "^3.0.0"
    warning "^2.0.0"

hoist-non-react-statics@^1.0.3, hoist-non-react-statics@^1.0.5, hoist-non-react-statics@^1.2.0:
  version "1.2.0"
  resolved "https://registry.yarnpkg.com/hoist-non-react-statics/-/hoist-non-react-statics-1.2.0.tgz#aa448cf0986d55cc40773b17174b7dd066cb7cfb"

iconv-lite@~0.4.13:
  version "0.4.13"
  resolved "https://registry.yarnpkg.com/iconv-lite/-/iconv-lite-0.4.13.tgz#1f88aba4ab0b1508e8312acc39345f36e992e2f2"

icss-replace-symbols@^1.0.2:
  version "1.0.2"
  resolved "https://registry.yarnpkg.com/icss-replace-symbols/-/icss-replace-symbols-1.0.2.tgz#cb0b6054eb3af6edc9ab1d62d01933e2d4c8bfa5"

immutable@^3.7.6:
  version "3.8.1"
  resolved "https://registry.yarnpkg.com/immutable/-/immutable-3.8.1.tgz#200807f11ab0f72710ea485542de088075f68cd2"

in-publish@^2.0.0:
  version "2.0.0"
  resolved "https://registry.yarnpkg.com/in-publish/-/in-publish-2.0.0.tgz#e20ff5e3a2afc2690320b6dc552682a9c7fadf51"

inflight@^1.0.4:
  version "1.0.5"
  resolved "https://registry.yarnpkg.com/inflight/-/inflight-1.0.5.tgz#db3204cd5a9de2e6cd890b85c6e2f66bcf4f620a"
  dependencies:
    once "^1.3.0"
    wrappy "1"

inherits@2:
  version "2.0.3"
  resolved "https://registry.yarnpkg.com/inherits/-/inherits-2.0.3.tgz#633c2c83e3da42a502f52466022480f4208261de"

invariant@^2.0.0, invariant@^2.2.1:
  version "2.2.1"
  resolved "https://registry.yarnpkg.com/invariant/-/invariant-2.2.1.tgz#b097010547668c7e337028ebe816ebe36c8a8d54"
  dependencies:
    loose-envify "^1.0.0"

is-promise@^2.1.0:
  version "2.1.0"
  resolved "https://registry.yarnpkg.com/is-promise/-/is-promise-2.1.0.tgz#79a2a9ece7f096e80f36d2b2f3bc16c1ff4bf3fa"

is-stream@^1.0.1:
  version "1.1.0"
  resolved "https://registry.yarnpkg.com/is-stream/-/is-stream-1.1.0.tgz#12d4a3dd4e68e0b79ceb8dbc84173ae80d91ca44"

isomorphic-fetch@^2.1.1:
  version "2.2.1"
  resolved "https://registry.yarnpkg.com/isomorphic-fetch/-/isomorphic-fetch-2.2.1.tgz#611ae1acf14f5e81f729507472819fe9733558a9"
  dependencies:
    node-fetch "^1.0.1"
    whatwg-fetch ">=0.10.0"

js-base64@^2.1.9:
  version "2.1.9"
  resolved "https://registry.yarnpkg.com/js-base64/-/js-base64-2.1.9.tgz#f0e80ae039a4bd654b5f281fc93f04a914a7fcce"

js-tokens@^1.0.1:
  version "1.0.3"
  resolved "https://registry.yarnpkg.com/js-tokens/-/js-tokens-1.0.3.tgz#14e56eb68c8f1a92c43d59f5014ec29dc20f2ae1"

jsesc@~0.5.0:
  version "0.5.0"
  resolved "https://registry.yarnpkg.com/jsesc/-/jsesc-0.5.0.tgz#e7dee66e35d6fc16f710fe91d5cf69f70f08911d"

json5@^0.5.0:
  version "0.5.0"
  resolved "https://registry.yarnpkg.com/json5/-/json5-0.5.0.tgz#9b20715b026cbe3778fd769edccd822d8332a5b2"

loader-utils@^0.2.11:
  version "0.2.16"
  resolved "https://registry.yarnpkg.com/loader-utils/-/loader-utils-0.2.16.tgz#f08632066ed8282835dff88dfb52704765adee6d"
  dependencies:
    big.js "^3.1.3"
    emojis-list "^2.0.0"
    json5 "^0.5.0"
    object-assign "^4.0.1"

lodash-es@^4.12.0, lodash-es@^4.2.1:
  version "4.16.4"
  resolved "https://registry.yarnpkg.com/lodash-es/-/lodash-es-4.16.4.tgz#4dc3e2cf33a8c343028aa7f7e06d1c9697042599"

lodash._arrayeach@^3.0.0:
  version "3.0.0"
  resolved "https://registry.yarnpkg.com/lodash._arrayeach/-/lodash._arrayeach-3.0.0.tgz#bab156b2a90d3f1bbd5c653403349e5e5933ef9e"

lodash._baseeach@^3.0.0:
  version "3.0.4"
  resolved "https://registry.yarnpkg.com/lodash._baseeach/-/lodash._baseeach-3.0.4.tgz#cf8706572ca144e8d9d75227c990da982f932af3"
  dependencies:
    lodash.keys "^3.0.0"

lodash._basefor@^3.0.0:
  version "3.0.3"
  resolved "https://registry.yarnpkg.com/lodash._basefor/-/lodash._basefor-3.0.3.tgz#7550b4e9218ef09fad24343b612021c79b4c20c2"

lodash._bindcallback@^3.0.0:
  version "3.0.1"
  resolved "https://registry.yarnpkg.com/lodash._bindcallback/-/lodash._bindcallback-3.0.1.tgz#e531c27644cf8b57a99e17ed95b35c748789392e"

lodash._getnative@^3.0.0:
  version "3.9.1"
  resolved "https://registry.yarnpkg.com/lodash._getnative/-/lodash._getnative-3.9.1.tgz#570bc7dede46d61cdcde687d65d3eecbaa3aaff5"

lodash.debounce@^3.1.1:
  version "3.1.1"
  resolved "https://registry.yarnpkg.com/lodash.debounce/-/lodash.debounce-3.1.1.tgz#812211c378a94cc29d5aa4e3346cf0bfce3a7df5"
  dependencies:
    lodash._getnative "^3.0.0"

lodash.debounce@^4.0.4:
  version "4.0.8"
  resolved "https://registry.yarnpkg.com/lodash.debounce/-/lodash.debounce-4.0.8.tgz#82d79bff30a67c4005ffd5e2515300ad9ca4d7af"

lodash.foreach@^3.0.3:
  version "3.0.3"
  resolved "https://registry.yarnpkg.com/lodash.foreach/-/lodash.foreach-3.0.3.tgz#6fd7efb79691aecd67fdeac2761c98e701d6c39a"
  dependencies:
    lodash._arrayeach "^3.0.0"
    lodash._baseeach "^3.0.0"
    lodash._bindcallback "^3.0.0"
    lodash.isarray "^3.0.0"

lodash.isarguments@^3.0.0:
  version "3.1.0"
  resolved "https://registry.yarnpkg.com/lodash.isarguments/-/lodash.isarguments-3.1.0.tgz#2f573d85c6a24289ff00663b491c1d338ff3458a"

lodash.isarray@^3.0.0:
  version "3.0.4"
  resolved "https://registry.yarnpkg.com/lodash.isarray/-/lodash.isarray-3.0.4.tgz#79e4eb88c36a8122af86f844aa9bcd851b5fbb55"

lodash.isequal@^4.4.0:
  version "4.4.0"
  resolved "https://registry.yarnpkg.com/lodash.isequal/-/lodash.isequal-4.4.0.tgz#6295768e98e14dc15ce8d362ef6340db82852031"

lodash.isplainobject@^3.2.0:
  version "3.2.0"
  resolved "https://registry.yarnpkg.com/lodash.isplainobject/-/lodash.isplainobject-3.2.0.tgz#9a8238ae16b200432960cd7346512d0123fbf4c5"
  dependencies:
    lodash._basefor "^3.0.0"
    lodash.isarguments "^3.0.0"
    lodash.keysin "^3.0.0"

lodash.keys@^3.0.0, lodash.keys@^3.1.2:
  version "3.1.2"
  resolved "https://registry.yarnpkg.com/lodash.keys/-/lodash.keys-3.1.2.tgz#4dbc0472b156be50a0b286855d1bd0b0c656098a"
  dependencies:
    lodash._getnative "^3.0.0"
    lodash.isarguments "^3.0.0"
    lodash.isarray "^3.0.0"

lodash.keysin@^3.0.0:
  version "3.0.8"
  resolved "https://registry.yarnpkg.com/lodash.keysin/-/lodash.keysin-3.0.8.tgz#22c4493ebbedb1427962a54b445b2c8a767fb47f"
  dependencies:
    lodash.isarguments "^3.0.0"
    lodash.isarray "^3.0.0"

lodash@^4.0.1, lodash@^4.12.0, lodash@^4.13.1, lodash@^4.2.0, lodash@^4.2.1, lodash@^4.3.0, lodash@^4.8.0:
  version "4.16.4"
  resolved "https://registry.yarnpkg.com/lodash/-/lodash-4.16.4.tgz#01ce306b9bad1319f2a5528674f88297aeb70127"

long-timeout@0.0.2:
  version "0.0.2"
  resolved "https://registry.yarnpkg.com/long-timeout/-/long-timeout-0.0.2.tgz#f36449ba89629d13a7a2b2523a4db9dd66e3ff68"

loose-envify@^1.0.0, loose-envify@^1.1.0, loose-envify@^1.2.0:
  version "1.2.0"
  resolved "https://registry.yarnpkg.com/loose-envify/-/loose-envify-1.2.0.tgz#69a65aad3de542cf4ee0f4fe74e8e33c709ccb0f"
  dependencies:
    js-tokens "^1.0.1"

material-design-lite@^1.1.3:
  version "1.2.1"
  resolved "https://registry.yarnpkg.com/material-design-lite/-/material-design-lite-1.2.1.tgz#09e5caab2575af8ee21b2630bff175c5a822c662"

minimatch@^3.0.2:
  version "3.0.3"
  resolved "https://registry.yarnpkg.com/minimatch/-/minimatch-3.0.3.tgz#2a4e4090b96b2db06a9d7df01055a62a77c9b774"
  dependencies:
    brace-expansion "^1.0.0"

moment@^2.13.0:
  version "2.15.1"
  resolved "https://registry.yarnpkg.com/moment/-/moment-2.15.1.tgz#e979c2a29e22888e60f396f2220a6118f85cd94c"

ms@0.7.1:
  version "0.7.1"
  resolved "https://registry.yarnpkg.com/ms/-/ms-0.7.1.tgz#9cd13c03adbff25b65effde7ce864ee952017098"

node-fetch@^1.0.1, node-fetch@^1.5.2:
  version "1.6.3"
  resolved "https://registry.yarnpkg.com/node-fetch/-/node-fetch-1.6.3.tgz#dc234edd6489982d58e8f0db4f695029abcd8c04"
  dependencies:
    encoding "^0.1.11"
    is-stream "^1.0.1"

node-schedule@^1.1.0:
  version "1.1.1"
  resolved "https://registry.yarnpkg.com/node-schedule/-/node-schedule-1.1.1.tgz#6b9701a8e1e67b87d110cb570803ed7dab03ede3"
  dependencies:
    cron-parser "1.1.0"
    long-timeout "0.0.2"

object-assign@^2.0.0:
  version "2.1.1"
  resolved "https://registry.yarnpkg.com/object-assign/-/object-assign-2.1.1.tgz#43c36e5d569ff8e4816c4efa8be02d26967c18aa"

object-assign@^4.0.1, object-assign@^4.1.0:
  version "4.1.0"
  resolved "https://registry.yarnpkg.com/object-assign/-/object-assign-4.1.0.tgz#7a3b3d0e98063d43f4c03f2e8ae6cd51a86883a0"

once@^1.3.0:
  version "1.4.0"
  resolved "https://registry.yarnpkg.com/once/-/once-1.4.0.tgz#583b1aa775961d4b113ac17d9c50baef9dd76bd1"
  dependencies:
    wrappy "1"

parse-key@^0.2.1:
  version "0.2.1"
  resolved "https://registry.yarnpkg.com/parse-key/-/parse-key-0.2.1.tgz#7bcf76595536e36075664be4d687e4bdd910208f"

parse-link-header@^0.4.1:
  version "0.4.1"
  resolved "https://registry.yarnpkg.com/parse-link-header/-/parse-link-header-0.4.1.tgz#f6bd615dc6713fd40935ce97945e4d3f522edf14"
  dependencies:
    xtend "~4.0.0"

path-is-absolute@^1.0.0:
  version "1.0.1"
  resolved "https://registry.yarnpkg.com/path-is-absolute/-/path-is-absolute-1.0.1.tgz#174b9268735534ffbc7ace6bf53a5a9e1b5c5f5f"

performance-now@~0.2.0:
  version "0.2.0"
  resolved "https://registry.yarnpkg.com/performance-now/-/performance-now-0.2.0.tgz#33ef30c5c77d4ea21c5a53869d91b56d8f2555e5"

pify@^2.3.0:
  version "2.3.0"
  resolved "https://registry.yarnpkg.com/pify/-/pify-2.3.0.tgz#ed141a6ac043a849ea588498e7dca8b15330e90c"

postcss-modules-extract-imports@^1.0.0:
  version "1.0.1"
  resolved "https://registry.yarnpkg.com/postcss-modules-extract-imports/-/postcss-modules-extract-imports-1.0.1.tgz#8fb3fef9a6dd0420d3f6d4353cf1ff73f2b2a341"
  dependencies:
    postcss "^5.0.4"

postcss-modules-local-by-default@^1.0.1:
  version "1.1.1"
  resolved "https://registry.yarnpkg.com/postcss-modules-local-by-default/-/postcss-modules-local-by-default-1.1.1.tgz#29a10673fa37d19251265ca2ba3150d9040eb4ce"
  dependencies:
    css-selector-tokenizer "^0.6.0"
    postcss "^5.0.4"

postcss-modules-parser@^1.1.0:
  version "1.1.0"
  resolved "https://registry.yarnpkg.com/postcss-modules-parser/-/postcss-modules-parser-1.1.0.tgz#1797f0e5ca129bbe6120c9d3babd328e8bc7748d"
  dependencies:
    icss-replace-symbols "^1.0.2"
    lodash.foreach "^3.0.3"
    postcss "^5.0.10"

postcss-modules-scope@^1.0.0:
  version "1.0.2"
  resolved "https://registry.yarnpkg.com/postcss-modules-scope/-/postcss-modules-scope-1.0.2.tgz#ff977395e5e06202d7362290b88b1e8cd049de29"
  dependencies:
    css-selector-tokenizer "^0.6.0"
    postcss "^5.0.4"

postcss-modules-values@^1.1.1:
  version "1.2.2"
  resolved "https://registry.yarnpkg.com/postcss-modules-values/-/postcss-modules-values-1.2.2.tgz#f0e7d476fe1ed88c5e4c7f97533a3e772ad94ca1"
  dependencies:
    icss-replace-symbols "^1.0.2"
    postcss "^5.0.14"

postcss@^5.0.10, postcss@^5.0.14, postcss@^5.0.19, postcss@^5.0.4:
  version "5.2.4"
  resolved "https://registry.yarnpkg.com/postcss/-/postcss-5.2.4.tgz#8eb4bee3e5c4e091585b116df32d8db24a535f21"
  dependencies:
    chalk "^1.1.3"
    js-base64 "^2.1.9"
    source-map "^0.5.6"
    supports-color "^3.1.2"

promise@^7.1.1:
  version "7.1.1"
  resolved "https://registry.yarnpkg.com/promise/-/promise-7.1.1.tgz#489654c692616b8aa55b0724fa809bb7db49c5bf"
  dependencies:
    asap "~2.0.3"

query-string@^3.0.0:
  version "3.0.3"
  resolved "https://registry.yarnpkg.com/query-string/-/query-string-3.0.3.tgz#ae2e14b4d05071d4e9b9eb4873c35b0dcd42e638"
  dependencies:
    strict-uri-encode "^1.0.0"

raf@^3.1.0:
  version "3.3.0"
  resolved "https://registry.yarnpkg.com/raf/-/raf-3.3.0.tgz#93845eeffc773f8129039f677f80a36044eee2c3"
  dependencies:
    performance-now "~0.2.0"

react-addons-shallow-compare@^15.1.0:
  version "15.3.2"
  resolved "https://registry.yarnpkg.com/react-addons-shallow-compare/-/react-addons-shallow-compare-15.3.2.tgz#c9edba49b9eab44d0c59024d289beb1ab97318b5"

react-dock@^0.2.1:
  version "0.2.3"
  resolved "https://registry.yarnpkg.com/react-dock/-/react-dock-0.2.3.tgz#a25461564f3cf64ab5b7098e7546036066a9c0e2"
  dependencies:
    lodash.debounce "^3.1.1"
    object-assign "^4.0.1"

react-dom@^15.0.1:
  version "15.3.2"
  resolved "https://registry.yarnpkg.com/react-dom/-/react-dom-15.3.2.tgz#c46b0aa5380d7b838e7a59c4a7beff2ed315531f"

react-input-autosize@^1.1.0:
  version "1.1.0"
  resolved "https://registry.yarnpkg.com/react-input-autosize/-/react-input-autosize-1.1.0.tgz#3fe1ac832387d8abab85f6051ceab1c9e5570853"

react-json-tree@^0.6.6:
  version "0.6.8"
  resolved "https://registry.yarnpkg.com/react-json-tree/-/react-json-tree-0.6.8.tgz#e844f431f759c94c55783556300844fb3b35e623"
  dependencies:
    babel-plugin-transform-runtime "^6.5.0"
    babel-runtime "^6.3.13"
    react-mixin "^1.7.0"
    react-pure-render "^1.0.2"

react-mdl@^1.5.4:
  version "1.7.2"
  resolved "https://registry.yarnpkg.com/react-mdl/-/react-mdl-1.7.2.tgz#08e6fabcf9fc269ae02ec90b5a0e40c6e1b69b84"
  dependencies:
    clamp "^1.0.1"
    classnames "^2.2.3"
    lodash.isequal "^4.4.0"

react-mixin@^1.7.0:
  version "1.7.0"
  resolved "https://registry.yarnpkg.com/react-mixin/-/react-mixin-1.7.0.tgz#38c22c3eb02064f08f2c25878a60dac3e956f44c"
  dependencies:
    object-assign "^2.0.0"
    smart-mixin "^1.2.0"

react-pure-render@^1.0.2:
  version "1.0.2"
  resolved "https://registry.yarnpkg.com/react-pure-render/-/react-pure-render-1.0.2.tgz#9d8a928c7f2c37513c2d064e57b3e3c356e9fabb"

react-redux@^4.0.0, react-redux@^4.4.5:
  version "4.4.5"
  resolved "https://registry.yarnpkg.com/react-redux/-/react-redux-4.4.5.tgz#f509a2981be2252d10c629ef7c559347a4aec457"
  dependencies:
    hoist-non-react-statics "^1.0.3"
    invariant "^2.0.0"
    lodash "^4.2.0"
    loose-envify "^1.1.0"

react-router-redux@^4.0.2:
  version "4.0.6"
  resolved "https://registry.yarnpkg.com/react-router-redux/-/react-router-redux-4.0.6.tgz#10cf98dce911d7dd912a05bdb07fee4d3c563dee"

react-router@^2.2.4:
  version "2.8.1"
  resolved "https://registry.yarnpkg.com/react-router/-/react-router-2.8.1.tgz#73e9491f6ceb316d0f779829081863e378ee4ed7"
  dependencies:
    history "^2.1.2"
    hoist-non-react-statics "^1.2.0"
    invariant "^2.2.1"
    loose-envify "^1.2.0"
    warning "^3.0.0"

react-select@^1.0.0-beta13, react-select@^1.0.0-beta14:
  version "1.0.0-rc.2"
  resolved "https://registry.yarnpkg.com/react-select/-/react-select-1.0.0-rc.2.tgz#9fc11b149a3dc1ac831289d21b40a59742f82f8d"
  dependencies:
    classnames "^2.2.4"
    react-input-autosize "^1.1.0"

react-virtualized-select@^1.0.0:
  version "1.4.0"
  resolved "https://registry.yarnpkg.com/react-virtualized-select/-/react-virtualized-select-1.4.0.tgz#6a7adededbcbf0421280f0a106a920dbff2d5f38"
  dependencies:
    react-select "^1.0.0-beta14"
    react-virtualized "^7.0.0"

react-virtualized@^7.0.0, react-virtualized@^7.2.0:
  version "7.24.3"
  resolved "https://registry.yarnpkg.com/react-virtualized/-/react-virtualized-7.24.3.tgz#b9b1b20568339e66e7b6908e92ff6b55309253b7"
  dependencies:
    babel-runtime "^6.11.6"
    classnames "^2.2.3"
    dom-helpers "^2.4.0"
    raf "^3.1.0"

react@^15.0.1:
  version "15.3.2"
  resolved "https://registry.yarnpkg.com/react/-/react-15.3.2.tgz#a7bccd2fee8af126b0317e222c28d1d54528d09e"
  dependencies:
    fbjs "^0.8.4"
    loose-envify "^1.1.0"
    object-assign "^4.1.0"

redux-devtools-dock-monitor@^1.1.1:
  version "1.1.1"
  resolved "https://registry.yarnpkg.com/redux-devtools-dock-monitor/-/redux-devtools-dock-monitor-1.1.1.tgz#6ef4ff5a7c42f5d7fa39c34859a8f4eb4dee9947"
  dependencies:
    babel-runtime "^6.2.0"
    parse-key "^0.2.1"
    react-dock "^0.2.1"
    react-pure-render "^1.0.2"

redux-devtools-instrument@^1.0.1:
  version "1.3.2"
  resolved "https://registry.yarnpkg.com/redux-devtools-instrument/-/redux-devtools-instrument-1.3.2.tgz#47c0e5df5daf22bf2fbc267e779b150159c87b9c"
  dependencies:
    lodash "^4.2.0"
    symbol-observable "^0.2.4"

redux-devtools-log-monitor@^1.0.11:
  version "1.0.11"
  resolved "https://registry.yarnpkg.com/redux-devtools-log-monitor/-/redux-devtools-log-monitor-1.0.11.tgz#3dd841eed8bdb1733f7cb826557e92c982c5ede8"
  dependencies:
    lodash.debounce "^4.0.4"
    react-json-tree "^0.6.6"
    react-pure-render "^1.0.2"
    redux-devtools-themes "^1.0.0"

redux-devtools-themes@^1.0.0:
  version "1.0.0"
  resolved "https://registry.yarnpkg.com/redux-devtools-themes/-/redux-devtools-themes-1.0.0.tgz#c482dce3c5373976045f40134907d9dcb3ae3d5d"
  dependencies:
    base16 "^1.0.0"

redux-devtools@^3.2.0:
  version "3.3.1"
  resolved "https://registry.yarnpkg.com/redux-devtools/-/redux-devtools-3.3.1.tgz#e2ed0b5335310935a25bbc73c60c09e522182850"
  dependencies:
    lodash "^4.2.0"
    react-redux "^4.0.0"
    redux "^3.5.2"
    redux-devtools-instrument "^1.0.1"

redux-form@^6.0.0-alpha.14:
  version "6.1.0"
  resolved "https://registry.yarnpkg.com/redux-form/-/redux-form-6.1.0.tgz#cc88672fb6e30dfd1437afd3673dc3c58510136a"
  dependencies:
    array-findindex-polyfill "^0.1.0"
    deep-equal "^1.0.1"
    es6-error "^3.1.0"
    hoist-non-react-statics "^1.0.5"
    invariant "^2.2.1"
    is-promise "^2.1.0"
    lodash "^4.12.0"
    lodash-es "^4.12.0"
    shallowequal "^0.2.2"

redux-logger@^2.6.1:
  version "2.7.0"
  resolved "https://registry.yarnpkg.com/redux-logger/-/redux-logger-2.7.0.tgz#77f0ee5c473b1440c7e1b3c3c7775e59741c5dbf"
  dependencies:
    deep-diff "0.3.4"

redux-promise@^0.5.3:
  version "0.5.3"
  resolved "https://registry.yarnpkg.com/redux-promise/-/redux-promise-0.5.3.tgz#e97e6c9d3bf376eacb79babe6d906da20112d6d8"
  dependencies:
    flux-standard-action "^0.6.1"

redux-thunk@^2.0.1:
  version "2.1.0"
  resolved "https://registry.yarnpkg.com/redux-thunk/-/redux-thunk-2.1.0.tgz#c724bfee75dbe352da2e3ba9bc14302badd89a98"

redux@^3.4.0, redux@^3.5.2:
  version "3.6.0"
  resolved "https://registry.yarnpkg.com/redux/-/redux-3.6.0.tgz#887c2b3d0b9bd86eca2be70571c27654c19e188d"
  dependencies:
    lodash "^4.2.1"
    lodash-es "^4.2.1"
    loose-envify "^1.1.0"
    symbol-observable "^1.0.2"

regenerate@^1.2.1:
  version "1.3.1"
  resolved "https://registry.yarnpkg.com/regenerate/-/regenerate-1.3.1.tgz#0300203a5d2fdcf89116dce84275d011f5903f33"

regenerator-runtime@^0.9.5:
  version "0.9.5"
  resolved "https://registry.yarnpkg.com/regenerator-runtime/-/regenerator-runtime-0.9.5.tgz#403d6d40a4bdff9c330dd9392dcbb2d9a8bba1fc"

regexpu-core@^1.0.0:
  version "1.0.0"
  resolved "https://registry.yarnpkg.com/regexpu-core/-/regexpu-core-1.0.0.tgz#86a763f58ee4d7c2f6b102e4764050de7ed90c6b"
  dependencies:
    regenerate "^1.2.1"
    regjsgen "^0.2.0"
    regjsparser "^0.1.4"

regjsgen@^0.2.0:
  version "0.2.0"
  resolved "https://registry.yarnpkg.com/regjsgen/-/regjsgen-0.2.0.tgz#6c016adeac554f75823fe37ac05b92d5a4edb1f7"

regjsparser@^0.1.4:
  version "0.1.5"
  resolved "https://registry.yarnpkg.com/regjsparser/-/regjsparser-0.1.5.tgz#7ee8f84dc6fa792d3fd0ae228d24bd949ead205c"
  dependencies:
    jsesc "~0.5.0"

rimraf@^2.5.1:
  version "2.5.4"
  resolved "https://registry.yarnpkg.com/rimraf/-/rimraf-2.5.4.tgz#96800093cbf1a0c86bd95b4625467535c29dfa04"
  dependencies:
    glob "^7.0.5"

seekout@^1.0.1:
  version "1.0.2"
  resolved "https://registry.yarnpkg.com/seekout/-/seekout-1.0.2.tgz#09ba9f1bd5b46fbb134718eb19a68382cbb1b9c9"

shallowequal@^0.2.2:
  version "0.2.2"
  resolved "https://registry.yarnpkg.com/shallowequal/-/shallowequal-0.2.2.tgz#1e32fd5bcab6ad688a4812cb0cc04efc75c7014e"
  dependencies:
    lodash.keys "^3.1.2"

smart-mixin@^1.2.0:
  version "1.2.1"
  resolved "https://registry.yarnpkg.com/smart-mixin/-/smart-mixin-1.2.1.tgz#11a2b3e4628dfee16ac9cb51edd301be21be1452"

source-map-support@^0.4.0:
  version "0.4.3"
  resolved "https://registry.yarnpkg.com/source-map-support/-/source-map-support-0.4.3.tgz#693c8383d4389a4569486987c219744dfc601685"
  dependencies:
    source-map "^0.5.3"

source-map@^0.5.3, source-map@^0.5.6:
  version "0.5.6"
  resolved "https://registry.yarnpkg.com/source-map/-/source-map-0.5.6.tgz#75ce38f52bf0733c5a7f0c118d81334a2bb5f412"

strict-uri-encode@^1.0.0:
  version "1.1.0"
  resolved "https://registry.yarnpkg.com/strict-uri-encode/-/strict-uri-encode-1.1.0.tgz#279b225df1d582b1f54e65addd4352e18faa0713"

strip-ansi@^3.0.0:
  version "3.0.1"
  resolved "https://registry.yarnpkg.com/strip-ansi/-/strip-ansi-3.0.1.tgz#6a385fb8853d952d5ff05d0e8aaf94278dc63dcf"
  dependencies:
    ansi-regex "^2.0.0"

supports-color@^2.0.0:
  version "2.0.0"
  resolved "https://registry.yarnpkg.com/supports-color/-/supports-color-2.0.0.tgz#535d045ce6b6363fa40117084629995e9df324c7"

supports-color@^3.1.2:
  version "3.1.2"
  resolved "https://registry.yarnpkg.com/supports-color/-/supports-color-3.1.2.tgz#72a262894d9d408b956ca05ff37b2ed8a6e2a2d5"
  dependencies:
    has-flag "^1.0.0"

symbol-observable@^0.2.4:
  version "0.2.4"
  resolved "https://registry.yarnpkg.com/symbol-observable/-/symbol-observable-0.2.4.tgz#95a83db26186d6af7e7a18dbd9760a2f86d08f40"

symbol-observable@^1.0.2:
  version "1.0.3"
  resolved "https://registry.yarnpkg.com/symbol-observable/-/symbol-observable-1.0.3.tgz#0fdb005e84f346a899d492beba23068b32d1525a"

ua-parser-js@^0.7.9:
  version "0.7.10"
  resolved "https://registry.yarnpkg.com/ua-parser-js/-/ua-parser-js-0.7.10.tgz#917559ddcce07cbc09ece7d80495e4c268f4ef9f"

warning@^2.0.0:
  version "2.1.0"
  resolved "https://registry.yarnpkg.com/warning/-/warning-2.1.0.tgz#21220d9c63afc77a8c92111e011af705ce0c6901"
  dependencies:
    loose-envify "^1.0.0"

warning@^3.0.0:
  version "3.0.0"
  resolved "https://registry.yarnpkg.com/warning/-/warning-3.0.0.tgz#32e5377cb572de4ab04753bdf8821c01ed605b7c"
  dependencies:
    loose-envify "^1.0.0"

whatwg-fetch@>=0.10.0:
  version "1.0.0"
  resolved "https://registry.yarnpkg.com/whatwg-fetch/-/whatwg-fetch-1.0.0.tgz#01c2ac4df40e236aaa18480e3be74bd5c8eb798e"

wrappy@1:
  version "1.0.2"
  resolved "https://registry.yarnpkg.com/wrappy/-/wrappy-1.0.2.tgz#b5243d8f3ec1aa35f1364605bc0d1036e30ab69f"

xtend@~4.0.0:
  version "4.0.1"
  resolved "https://registry.yarnpkg.com/xtend/-/xtend-4.0.1.tgz#a5c6d532be656e23db820efb943a1f04998d63af"

